
Microsoft Visual Studio Solution File, Format Version 11.00
# Visual Studio 2010
Project("{FAE04EC0-301F-11D3-BF4B-00C04F79EFBC}") = "NoCacheUpdater", "NoCacheUpdater\NoCacheUpdater.csproj", "{0FA97BB3-0779-43E9-801D-109307571A12}"
EndProject
Project("{FAE04EC0-301F-11D3-BF4B-00C04F79EFBC}") = "TestApp", "TestApp\TestApp.csproj", "{3B4C8C8D-11C0-460C-8C87-F4E6EDF90A7F}"
EndProject
Project("{FAE04EC0-301F-11D3-BF4B-00C04F79EFBC}") = "TestApp.Web", "TestApp.Web\TestApp.Web.csproj", "{51943D40-50CD-4DDE-8E2D-8BE85E8D8331}"
EndProject
Project("{2150E333-8FDC-42A3-9474-1A3956D46DE8}") = "Test", "Test", "{A50935FC-626F-4028-9513-3B8092D432A1}"
EndProject
Global
	GlobalSection(SolutionConfigurationPlatforms) = preSolution
		Debug|Any CPU = Debug|Any CPU
		Debug|Mixed Platforms = Debug|Mixed Platforms
		Debug|x86 = Debug|x86
		Release|Any CPU = Release|Any CPU
		Release|Mixed Platforms = Release|Mixed Platforms
		Release|x86 = Release|x86
	EndGlobalSection
	GlobalSection(ProjectConfigurationPlatforms) = postSolution
		{0FA97BB3-0779-43E9-801D-109307571A12}.Debug|Any CPU.ActiveCfg = Debug|x86
		{0FA97BB3-0779-43E9-801D-109307571A12}.Debug|Mixed Platforms.ActiveCfg = Debug|x86
		{0FA97BB3-0779-43E9-801D-109307571A12}.Debug|Mixed Platforms.Build.0 = Debug|x86
		{0FA97BB3-0779-43E9-801D-109307571A12}.Debug|x86.ActiveCfg = Debug|x86
		{0FA97BB3-0779-43E9-801D-109307571A12}.Debug|x86.Build.0 = Debug|x86
		{0FA97BB3-0779-43E9-801D-109307571A12}.Release|Any CPU.ActiveCfg = Release|x86
		{0FA97BB3-0779-43E9-801D-109307571A12}.Release|Mixed Platforms.ActiveCfg = Release|x86
		{0FA97BB3-0779-43E9-801D-109307571A12}.Release|Mixed Platforms.Build.0 = Release|x86
		{0FA97BB3-0779-43E9-801D-109307571A12}.Release|x86.ActiveCfg = Release|x86
		{0FA97BB3-0779-43E9-801D-109307571A12}.Release|x86.Build.0 = Release|x86
		{3B4C8C8D-11C0-460C-8C87-F4E6EDF90A7F}.Debug|Any CPU.ActiveCfg = Debug|Any CPU
		{3B4C8C8D-11C0-460C-8C87-F4E6EDF90A7F}.Debug|Any CPU.Build.0 = Debug|Any CPU
		{3B4C8C8D-11C0-460C-8C87-F4E6EDF90A7F}.Debug|Mixed Platforms.ActiveCfg = Debug|Any CPU
		{3B4C8C8D-11C0-460C-8C87-F4E6EDF90A7F}.Debug|Mixed Platforms.Build.0 = Debug|Any CPU
		{3B4C8C8D-11C0-460C-8C87-F4E6EDF90A7F}.Debug|x86.ActiveCfg = Debug|Any CPU
		{3B4C8C8D-11C0-460C-8C87-F4E6EDF90A7F}.Release|Any CPU.ActiveCfg = Release|Any CPU
		{3B4C8C8D-11C0-460C-8C87-F4E6EDF90A7F}.Release|Any CPU.Build.0 = Release|Any CPU
		{3B4C8C8D-11C0-460C-8C87-F4E6EDF90A7F}.Release|Mixed Platforms.ActiveCfg = Release|Any CPU
		{3B4C8C8D-11C0-460C-8C87-F4E6EDF90A7F}.Release|Mixed Platforms.Build.0 = Release|Any CPU
		{3B4C8C8D-11C0-460C-8C87-F4E6EDF90A7F}.Release|x86.ActiveCfg = Release|Any CPU
		{51943D40-50CD-4DDE-8E2D-8BE85E8D8331}.Debug|Any CPU.ActiveCfg = Debug|Any CPU
		{51943D40-50CD-4DDE-8E2D-8BE85E8D8331}.Debug|Any CPU.Build.0 = Debug|Any CPU
		{51943D40-50CD-4DDE-8E2D-8BE85E8D8331}.Debug|Mixed Platforms.ActiveCfg = Debug|Any CPU
		{51943D40-50CD-4DDE-8E2D-8BE85E8D8331}.Debug|Mixed Platforms.Build.0 = Debug|Any CPU
		{51943D40-50CD-4DDE-8E2D-8BE85E8D8331}.Debug|x86.ActiveCfg = Debug|Any CPU
		{51943D40-50CD-4DDE-8E2D-8BE85E8D8331}.Release|Any CPU.ActiveCfg = Release|Any CPU
		{51943D40-50CD-4DDE-8E2D-8BE85E8D8331}.Release|Any CPU.Build.0 = Release|Any CPU
		{51943D40-50CD-4DDE-8E2D-8BE85E8D8331}.Release|Mixed Platforms.ActiveCfg = Release|Any CPU
		{51943D40-50CD-4DDE-8E2D-8BE85E8D8331}.Release|Mixed Platforms.Build.0 = Release|Any CPU
		{51943D40-50CD-4DDE-8E2D-8BE85E8D8331}.Release|x86.ActiveCfg = Release|Any CPU
	EndGlobalSection
	GlobalSection(SolutionProperties) = preSolution
		HideSolutionNode = FALSE
	EndGlobalSection
	GlobalSection(NestedProjects) = preSolution
		{51943D40-50CD-4DDE-8E2D-8BE85E8D8331} = {A50935FC-626F-4028-9513-3B8092D432A1}
		{3B4C8C8D-11C0-460C-8C87-F4E6EDF90A7F} = {A50935FC-626F-4028-9513-3B8092D432A1}
	EndGlobalSection
EndGlobal
